// !$*UTF8*$!
{
	archiveVersion = 1;
	classes = {
	};
	objectVersion = 46;
	objects = {

/* Begin PBXBuildFile section */
		9F3D73DD1EF30F1A00FBCAE1 /* AppDelegate.swift in Sources */ = {isa = PBXBuildFile; fileRef = 9F3D73DC1EF30F1A00FBCAE1 /* AppDelegate.swift */; };
		9F3D73DF1EF30F1A00FBCAE1 /* ViewController.swift in Sources */ = {isa = PBXBuildFile; fileRef = 9F3D73DE1EF30F1A00FBCAE1 /* ViewController.swift */; };
		9F3D73E21EF30F1A00FBCAE1 /* Main.storyboard in Resources */ = {isa = PBXBuildFile; fileRef = 9F3D73E01EF30F1A00FBCAE1 /* Main.storyboard */; };
		9F3D73E41EF30F1A00FBCAE1 /* Assets.xcassets in Resources */ = {isa = PBXBuildFile; fileRef = 9F3D73E31EF30F1A00FBCAE1 /* Assets.xcassets */; };
		9F3D73E71EF30F1A00FBCAE1 /* LaunchScreen.storyboard in Resources */ = {isa = PBXBuildFile; fileRef = 9F3D73E51EF30F1A00FBCAE1 /* LaunchScreen.storyboard */; };
		9F3D73F51EF3116C00FBCAE1 /* OpenCVWrapper.mm in Sources */ = {isa = PBXBuildFile; fileRef = 9F3D73F41EF3116C00FBCAE1 /* OpenCVWrapper.mm */; };
		9FC4FBCE1EF315C90097C4D3 /* opencv2.framework in Frameworks */ = {isa = PBXBuildFile; fileRef = 9FC4FBCD1EF315C90097C4D3 /* opencv2.framework */; };
/* End PBXBuildFile section */

/* Begin PBXFileReference section */
		9F3D73D91EF30F1A00FBCAE1 /* DemoCV.app */ = {isa = PBXFileReference; explicitFileType = wrapper.application; includeInIndex = 0; path = DemoCV.app; sourceTree = BUILT_PRODUCTS_DIR; };
		9F3D73DC1EF30F1A00FBCAE1 /* AppDelegate.swift */ = {isa = PBXFileReference; lastKnownFileType = sourcecode.swift; path = AppDelegate.swift; sourceTree = "<group>"; };
		9F3D73DE1EF30F1A00FBCAE1 /* ViewController.swift */ = {isa = PBXFileReference; lastKnownFileType = sourcecode.swift; path = ViewController.swift; sourceTree = "<group>"; };
		9F3D73E11EF30F1A00FBCAE1 /* Base */ = {isa = PBXFileReference; lastKnownFileType = file.storyboard; name = Base; path = Base.lproj/Main.storyboard; sourceTree = "<group>"; };
		9F3D73E31EF30F1A00FBCAE1 /* Assets.xcassets */ = {isa = PBXFileReference; lastKnownFileType = folder.assetcatalog; path = Assets.xcassets; sourceTree = "<group>"; };
		9F3D73E61EF30F1A00FBCAE1 /* Base */ = {isa = PBXFileReference; lastKnownFileType = file.storyboard; name = Base; path = Base.lproj/LaunchScreen.storyboard; sourceTree = "<group>"; };
		9F3D73E81EF30F1A00FBCAE1 /* Info.plist */ = {isa = PBXFileReference; lastKnownFileType = text.plist.xml; path = Info.plist; sourceTree = "<group>"; };
		9F3D73F21EF3116C00FBCAE1 /* DemoCV-Bridging-Header.h */ = {isa = PBXFileReference; lastKnownFileType = sourcecode.c.h; path = "DemoCV-Bridging-Header.h"; sourceTree = "<group>"; };
		9F3D73F31EF3116C00FBCAE1 /* OpenCVWrapper.h */ = {isa = PBXFileReference; fileEncoding = 4; lastKnownFileType = sourcecode.c.h; path = OpenCVWrapper.h; sourceTree = "<group>"; };
		9F3D73F41EF3116C00FBCAE1 /* OpenCVWrapper.mm */ = {isa = PBXFileReference; fileEncoding = 4; lastKnownFileType = sourcecode.cpp.objcpp; path = OpenCVWrapper.mm; sourceTree = "<group>"; };
		9FC4FBCD1EF315C90097C4D3 /* opencv2.framework */ = {isa = PBXFileReference; lastKnownFileType = wrapper.framework; path = opencv2.framework; sourceTree = "<group>"; };
/* End PBXFileReference section */

/* Begin PBXFrameworksBuildPhase section */
		9F3D73D61EF30F1A00FBCAE1 /* Frameworks */ = {
			isa = PBXFrameworksBuildPhase;
			buildActionMask = 2147483647;
			files = (
				9FC4FBCE1EF315C90097C4D3 /* opencv2.framework in Frameworks */,
			);
			runOnlyForDeploymentPostprocessing = 0;
		};
/* End PBXFrameworksBuildPhase section */

/* Begin PBXGroup section */
		9F3D73D01EF30F1A00FBCAE1 = {
			isa = PBXGroup;
			children = (
				9F3D73DB1EF30F1A00FBCAE1 /* DemoCV */,
				9F3D73DA1EF30F1A00FBCAE1 /* Products */,
				9F3D73EE1EF30FB700FBCAE1 /* Frameworks */,
			);
			sourceTree = "<group>";
		};
		9F3D73DA1EF30F1A00FBCAE1 /* Products */ = {
			isa = PBXGroup;
			children = (
				9F3D73D91EF30F1A00FBCAE1 /* DemoCV.app */,
			);
			name = Products;
			sourceTree = "<group>";
		};
		9F3D73DB1EF30F1A00FBCAE1 /* DemoCV */ = {
			isa = PBXGroup;
			children = (
				9F3D73F11EF3115000FBCAE1 /* OpenCV */,
				9F3D73DC1EF30F1A00FBCAE1 /* AppDelegate.swift */,
				9F3D73DE1EF30F1A00FBCAE1 /* ViewController.swift */,
				9F3D73E01EF30F1A00FBCAE1 /* Main.storyboard */,
				9F3D73E31EF30F1A00FBCAE1 /* Assets.xcassets */,
				9F3D73E51EF30F1A00FBCAE1 /* LaunchScreen.storyboard */,
				9F3D73E81EF30F1A00FBCAE1 /* Info.plist */,
			);
			path = DemoCV;
			sourceTree = "<group>";
		};
		9F3D73EE1EF30FB700FBCAE1 /* Frameworks */ = {
			isa = PBXGroup;
			children = (
				9FC4FBCD1EF315C90097C4D3 /* opencv2.framework */,
			);
			name = Frameworks;
			sourceTree = "<group>";
		};
		9F3D73F11EF3115000FBCAE1 /* OpenCV */ = {
			isa = PBXGroup;
			children = (
				9F3D73F31EF3116C00FBCAE1 /* OpenCVWrapper.h */,
				9F3D73F41EF3116C00FBCAE1 /* OpenCVWrapper.mm */,
				9F3D73F21EF3116C00FBCAE1 /* DemoCV-Bridging-Header.h */,
			);
			name = OpenCV;
			sourceTree = "<group>";
		};
/* End PBXGroup section */

/* Begin PBXNativeTarget section */
		9F3D73D81EF30F1A00FBCAE1 /* DemoCV */ = {
			isa = PBXNativeTarget;
			buildConfigurationList = 9F3D73EB1EF30F1A00FBCAE1 /* Build configuration list for PBXNativeTarget "DemoCV" */;
			buildPhases = (
				9F3D73D51EF30F1A00FBCAE1 /* Sources */,
				9F3D73D61EF30F1A00FBCAE1 /* Frameworks */,
				9F3D73D71EF30F1A00FBCAE1 /* Resources */,
			);
			buildRules = (
			);
			dependencies = (
			);
			name = DemoCV;
			productName = DemoCV;
			productReference = 9F3D73D91EF30F1A00FBCAE1 /* DemoCV.app */;
			productType = "com.apple.product-type.application";
		};
/* End PBXNativeTarget section */

/* Begin PBXProject section */
		9F3D73D11EF30F1A00FBCAE1 /* Project object */ = {
			isa = PBXProject;
			attributes = {
				LastSwiftUpdateCheck = 0830;
				LastUpgradeCheck = 0830;
				ORGANIZATIONNAME = "Moritz Schillinger";
				TargetAttributes = {
					9F3D73D81EF30F1A00FBCAE1 = {
						CreatedOnToolsVersion = 8.3.3;
						DevelopmentTeam = 82LU87G386;
						LastSwiftMigration = 0830;
						ProvisioningStyle = Automatic;
					};
				};
			};
			buildConfigurationList = 9F3D73D41EF30F1A00FBCAE1 /* Build configuration list for PBXProject "DemoCV" */;
			compatibilityVersion = "Xcode 3.2";
			developmentRegion = English;
			hasScannedForEncodings = 0;
			knownRegions = (
				en,
				Base,
			);
			mainGroup = 9F3D73D01EF30F1A00FBCAE1;
			productRefGroup = 9F3D73DA1EF30F1A00FBCAE1 /* Products */;
			projectDirPath = "";
			projectRoot = "";
			targets = (
				9F3D73D81EF30F1A00FBCAE1 /* DemoCV */,
			);
		};
/* End PBXProject section */

/* Begin PBXResourcesBuildPhase section */
		9F3D73D71EF30F1A00FBCAE1 /* Resources */ = {
			isa = PBXResourcesBuildPhase;
			buildActionMask = 2147483647;
			files = (
				9F3D73E71EF30F1A00FBCAE1 /* LaunchScreen.storyboard in Resources */,
				9F3D73E41EF30F1A00FBCAE1 /* Assets.xcassets in Resources */,
				9F3D73E21EF30F1A00FBCAE1 /* Main.storyboard in Resources */,
			);
			runOnlyForDeploymentPostprocessing = 0;
		};
/* End PBXResourcesBuildPhase section */

/* Begin PBXSourcesBuildPhase section */
		9F3D73D51EF30F1A00FBCAE1 /* Sources */ = {
			isa = PBXSourcesBuildPhase;
			buildActionMask = 2147483647;
			files = (
				9F3D73DF1EF30F1A00FBCAE1 /* ViewController.swift in Sources */,
				9F3D73DD1EF30F1A00FBCAE1 /* AppDelegate.swift in Sources */,
				9F3D73F51EF3116C00FBCAE1 /* OpenCVWrapper.mm in Sources */,
			);
			runOnlyForDeploymentPostprocessing = 0;
		};
/* End PBXSourcesBuildPhase section */

/* Begin PBXVariantGroup section */
		9F3D73E01EF30F1A00FBCAE1 /* Main.storyboard */ = {
			isa = PBXVariantGroup;
			children = (
				9F3D73E11EF30F1A00FBCAE1 /* Base */,
			);
			name = Main.storyboard;
			sourceTree = "<group>";
		};
		9F3D73E51EF30F1A00FBCAE1 /* LaunchScreen.storyboard */ = {
			isa = PBXVariantGroup;
			children = (
				9F3D73E61EF30F1A00FBCAE1 /* Base */,
			);
			name = LaunchScreen.storyboard;
			sourceTree = "<group>";
		};
/* End PBXVariantGroup section */

/* Begin XCBuildConfiguration section */
		9F3D73E91EF30F1A00FBCAE1 /* Debug */ = {
			isa = XCBuildConfiguration;
			buildSettings = {
				ALWAYS_SEARCH_USER_PATHS = NO;
				CLANG_ANALYZER_NONNULL = YES;
				CLANG_ANALYZER_NUMBER_OBJECT_CONVERSION = YES_AGGRESSIVE;
				CLANG_CXX_LANGUAGE_STANDARD = "gnu++0x";
				CLANG_CXX_LIBRARY = "libc++";
				CLANG_ENABLE_MODULES = YES;
				CLANG_ENABLE_OBJC_ARC = YES;
				CLANG_WARN_BOOL_CONVERSION = YES;
				CLANG_WARN_CONSTANT_CONVERSION = YES;
				CLANG_WARN_DIRECT_OBJC_ISA_USAGE = YES_ERROR;
				CLANG_WARN_DOCUMENTATION_COMMENTS = YES;
				CLANG_WARN_EMPTY_BODY = YES;
				CLANG_WARN_ENUM_CONVERSION = YES;
				CLANG_WARN_INFINITE_RECURSION = YES;
				CLANG_WARN_INT_CONVERSION = YES;
				CLANG_WARN_OBJC_ROOT_CLASS = YES_ERROR;
				CLANG_WARN_SUSPICIOUS_MOVE = YES;
				CLANG_WARN_UNREACHABLE_CODE = YES;
				CLANG_WARN__DUPLICATE_METHOD_MATCH = YES;
				"CODE_SIGN_IDENTITY[sdk=iphoneos*]" = "iPhone Developer";
				COPY_PHASE_STRIP = NO;
				DEBUG_INFORMATION_FORMAT = dwarf;
				ENABLE_STRICT_OBJC_MSGSEND = YES;
				ENABLE_TESTABILITY = YES;
				GCC_C_LANGUAGE_STANDARD = gnu99;
				GCC_DYNAMIC_NO_PIC = NO;
				GCC_NO_COMMON_BLOCKS = YES;
				GCC_OPTIMIZATION_LEVEL = 0;
				GCC_PREPROCESSOR_DEFINITIONS = (
					"DEBUG=1",
					"$(inherited)",
				);
				GCC_WARN_64_TO_32_BIT_CONVERSION = YES;
				GCC_WARN_ABOUT_RETURN_TYPE = YES_ERROR;
				GCC_WARN_UNDECLARED_SELECTOR = YES;
				GCC_WARN_UNINITIALIZED_AUTOS = YES_AGGRESSIVE;
				GCC_WARN_UNUSED_FUNCTION = YES;
				GCC_WARN_UNUSED_VARIABLE = YES;
				IPHONEOS_DEPLOYMENT_TARGET = 10.3;
				MTL_ENABLE_DEBUG_INFO = YES;
				ONLY_ACTIVE_ARCH = YES;
				SDKROOT = iphoneos;
				SWIFT_ACTIVE_COMPILATION_CONDITIONS = DEBUG;
				SWIFT_OPTIMIZATION_LEVEL = "-Onone";
			};
			name = Debug;
		};
		9F3D73EA1EF30F1A00FBCAE1 /* Release */ = {
			isa = XCBuildConfiguration;
			buildSettings = {
				ALWAYS_SEARCH_USER_PATHS = NO;
				CLANG_ANALYZER_NONNULL = YES;
				CLANG_ANALYZER_NUMBER_OBJECT_CONVERSION = YES_AGGRESSIVE;
				CLANG_CXX_LANGUAGE_STANDARD = "gnu++0x";
				CLANG_CXX_LIBRARY = "libc++";
				CLANG_ENABLE_MODULES = YES;
				CLANG_ENABLE_OBJC_ARC = YES;
				CLANG_WARN_BOOL_CONVERSION = YES;
				CLANG_WARN_CONSTANT_CONVERSION = YES;
				CLANG_WARN_DIRECT_OBJC_ISA_USAGE = YES_ERROR;
				CLANG_WARN_DOCUMENTATION_COMMENTS = YES;
				CLANG_WARN_EMPTY_BODY = YES;
				CLANG_WARN_ENUM_CONVERSION = YES;
				CLANG_WARN_INFINITE_RECURSION = YES;
				CLANG_WARN_INT_CONVERSION = YES;
				CLANG_WARN_OBJC_ROOT_CLASS = YES_ERROR;
				CLANG_WARN_SUSPICIOUS_MOVE = YES;
				CLANG_WARN_UNREACHABLE_CODE = YES;
				CLANG_WARN__DUPLICATE_METHOD_MATCH = YES;
				"CODE_SIGN_IDENTITY[sdk=iphoneos*]" = "iPhone Developer";
				COPY_PHASE_STRIP = NO;
				DEBUG_INFORMATION_FORMAT = "dwarf-with-dsym";
				ENABLE_NS_ASSERTIONS = NO;
				ENABLE_STRICT_OBJC_MSGSEND = YES;
				GCC_C_LANGUAGE_STANDARD = gnu99;
				GCC_NO_COMMON_BLOCKS = YES;
				GCC_WARN_64_TO_32_BIT_CONVERSION = YES;
				GCC_WARN_ABOUT_RETURN_TYPE = YES_ERROR;
				GCC_WARN_UNDECLARED_SELECTOR = YES;
				GCC_WARN_UNINITIALIZED_AUTOS = YES_AGGRESSIVE;
				GCC_WARN_UNUSED_FUNCTION = YES;
				GCC_WARN_UNUSED_VARIABLE = YES;
				IPHONEOS_DEPLOYMENT_TARGET = 10.3;
				MTL_ENABLE_DEBUG_INFO = NO;
				SDKROOT = iphoneos;
				SWIFT_OPTIMIZATION_LEVEL = "-Owholemodule";
				VALIDATE_PRODUCT = YES;
			};
			name = Release;
		};
		9F3D73EC1EF30F1A00FBCAE1 /* Debug */ = {
			isa = XCBuildConfiguration;
			buildSettings = {
				ASSETCATALOG_COMPILER_APPICON_NAME = AppIcon;
				CLANG_ENABLE_MODULES = YES;
				DEVELOPMENT_TEAM = 82LU87G386;
				FRAMEWORK_SEARCH_PATHS = (
					"$(inherited)",
					"$(PROJECT_DIR)",
				);
				INFOPLIST_FILE = DemoCV/Info.plist;
				LD_RUNPATH_SEARCH_PATHS = "$(inherited) @executable_path/Frameworks";
				PRODUCT_BUNDLE_IDENTIFIER = de.schillinger.DemoCV;
				PRODUCT_NAME = "$(TARGET_NAME)";
				SWIFT_OBJC_BRIDGING_HEADER = "DemoCV/DemoCV-Bridging-Header.h";
				SWIFT_OPTIMIZATION_LEVEL = "-Onone";
				SWIFT_VERSION = 3.0;
			};
			name = Debug;
		};
		9F3D73ED1EF30F1A00FBCAE1 /* Release */ = {
			isa = XCBuildConfiguration;
			buildSettings = {
				ASSETCATALOG_COMPILER_APPICON_NAME = AppIcon;
				CLANG_ENABLE_MODULES = YES;
				DEVELOPMENT_TEAM = 82LU87G386;
				FRAMEWORK_SEARCH_PATHS = (
					"$(inherited)",
					"$(PROJECT_DIR)",
				);
				INFOPLIST_FILE = DemoCV/Info.plist;
				LD_RUNPATH_SEARCH_PATHS = "$(inherited) @executable_path/Frameworks";
				PRODUCT_BUNDLE_IDENTIFIER = de.schillinger.DemoCV;
				PRODUCT_NAME = "$(TARGET_NAME)";
				SWIFT_OBJC_BRIDGING_HEADER = "DemoCV/DemoCV-Bridging-Header.h";
				SWIFT_VERSION = 3.0;
			};
			name = Release;
		};
/* End XCBuildConfiguration section */

/* Begin XCConfigurationList section */
		9F3D73D41EF30F1A00FBCAE1 /* Build configuration list for PBXProject "DemoCV" */ = {
			isa = XCConfigurationList;
			buildConfigurations = (
				9F3D73E91EF30F1A00FBCAE1 /* Debug */,
				9F3D73EA1EF30F1A00FBCAE1 /* Release */,
			);
			defaultConfigurationIsVisible = 0;
			defaultConfigurationName = Release;
		};
		9F3D73EB1EF30F1A00FBCAE1 /* Build configuration list for PBXNativeTarget "DemoCV" */ = {
			isa = XCConfigurationList;
			buildConfigurations = (
				9F3D73EC1EF30F1A00FBCAE1 /* Debug */,
				9F3D73ED1EF30F1A00FBCAE1 /* Release */,
			);
			defaultConfigurationIsVisible = 0;
			defaultConfigurationName = Release;
		};
/* End XCConfigurationList section */
	};
	rootObject = 9F3D73D11EF30F1A00FBCAE1 /* Project object */;
}
